
Microsoft Visual Studio Solution File, Format Version 12.00
# Visual Studio Version 17
VisualStudioVersion = 17.4.33403.182
MinimumVisualStudioVersion = 10.0.40219.1
Project("{FAE04EC0-301F-11D3-BF4B-00C04F79EFBC}") = "Do_an", "Do_an\Do_an.csproj", "{17DE1FF2-BA55-4BF8-B8EE-789B2A98960C}"
EndProject
Global
	GlobalSection(SolutionConfigurationPlatforms) = preSolution
		Debug|Any CPU = Debug|Any CPU
		Release|Any CPU = Release|Any CPU
	EndGlobalSection
	GlobalSection(ProjectConfigurationPlatforms) = postSolution
		{17DE1FF2-BA55-4BF8-B8EE-789B2A98960C}.Debug|Any CPU.ActiveCfg = Debug|Any CPU
		{17DE1FF2-BA55-4BF8-B8EE-789B2A98960C}.Debug|Any CPU.Build.0 = Debug|Any CPU
		{17DE1FF2-BA55-4BF8-B8EE-789B2A98960C}.Release|Any CPU.ActiveCfg = Release|Any CPU
		{17DE1FF2-BA55-4BF8-B8EE-789B2A98960C}.Release|Any CPU.Build.0 = Release|Any CPU
	EndGlobalSection
	GlobalSection(SolutionProperties) = preSolution
		HideSolutionNode = FALSE
	EndGlobalSection
	GlobalSection(ExtensibilityGlobals) = postSolution
		SolutionGuid = {E9A9E690-789C-4482-BFAF-9385418CD6B7}
	EndGlobalSection
EndGlobal
